
Microsoft Visual Studio Solution File, Format Version 12.00
# Visual Studio Version 16
VisualStudioVersion = 16.0.29209.62
MinimumVisualStudioVersion = 10.0.40219.1
Project("{9A19103F-16F7-4668-BE54-9A1E7A4F7556}") = "PatientManagementApi", "PatientManagementApi\PatientManagementApi.csproj", "{4D5DE9A5-EAC5-49BE-9CE7-FCFFFE4FAF1D}"
EndProject
Project("{9A19103F-16F7-4668-BE54-9A1E7A4F7556}") = "WristCare", "WristCare\WristCare\WristCare.csproj", "{3DFFEE64-2D36-4A5D-9459-0C239A26E1A1}"
EndProject
Project("{FAE04EC0-301F-11D3-BF4B-00C04F79EFBC}") = "WristCare.Android", "WristCare\WristCare.Android\WristCare.Android.csproj", "{9CA10B91-DEC4-4861-835F-6DA12F181998}"
EndProject
Project("{FAE04EC0-301F-11D3-BF4B-00C04F79EFBC}") = "WristCare.iOS", "WristCare\WristCare.iOS\WristCare.iOS.csproj", "{47CB955B-6987-4B11-9900-3AE14CEDF566}"
EndProject
Global
	GlobalSection(SolutionConfigurationPlatforms) = preSolution
		Ad-Hoc|Any CPU = Ad-Hoc|Any CPU
		Ad-Hoc|iPhone = Ad-Hoc|iPhone
		Ad-Hoc|iPhoneSimulator = Ad-Hoc|iPhoneSimulator
		Ad-Hoc|x64 = Ad-Hoc|x64
		Ad-Hoc|x86 = Ad-Hoc|x86
		AppStore|Any CPU = AppStore|Any CPU
		AppStore|iPhone = AppStore|iPhone
		AppStore|iPhoneSimulator = AppStore|iPhoneSimulator
		AppStore|x64 = AppStore|x64
		AppStore|x86 = AppStore|x86
		Debug|Any CPU = Debug|Any CPU
		Debug|iPhone = Debug|iPhone
		Debug|iPhoneSimulator = Debug|iPhoneSimulator
		Debug|x64 = Debug|x64
		Debug|x86 = Debug|x86
		Release|Any CPU = Release|Any CPU
		Release|iPhone = Release|iPhone
		Release|iPhoneSimulator = Release|iPhoneSimulator
		Release|x64 = Release|x64
		Release|x86 = Release|x86
	EndGlobalSection
	GlobalSection(ProjectConfigurationPlatforms) = postSolution
		{4D5DE9A5-EAC5-49BE-9CE7-FCFFFE4FAF1D}.Ad-Hoc|Any CPU.ActiveCfg = Debug|Any CPU
		{4D5DE9A5-EAC5-49BE-9CE7-FCFFFE4FAF1D}.Ad-Hoc|Any CPU.Build.0 = Debug|Any CPU
		{4D5DE9A5-EAC5-49BE-9CE7-FCFFFE4FAF1D}.Ad-Hoc|iPhone.ActiveCfg = Debug|Any CPU
		{4D5DE9A5-EAC5-49BE-9CE7-FCFFFE4FAF1D}.Ad-Hoc|iPhone.Build.0 = Debug|Any CPU
		{4D5DE9A5-EAC5-49BE-9CE7-FCFFFE4FAF1D}.Ad-Hoc|iPhoneSimulator.ActiveCfg = Debug|Any CPU
		{4D5DE9A5-EAC5-49BE-9CE7-FCFFFE4FAF1D}.Ad-Hoc|iPhoneSimulator.Build.0 = Debug|Any CPU
		{4D5DE9A5-EAC5-49BE-9CE7-FCFFFE4FAF1D}.Ad-Hoc|x64.ActiveCfg = Release|Any CPU
		{4D5DE9A5-EAC5-49BE-9CE7-FCFFFE4FAF1D}.Ad-Hoc|x64.Build.0 = Release|Any CPU
		{4D5DE9A5-EAC5-49BE-9CE7-FCFFFE4FAF1D}.Ad-Hoc|x86.ActiveCfg = Release|Any CPU
		{4D5DE9A5-EAC5-49BE-9CE7-FCFFFE4FAF1D}.Ad-Hoc|x86.Build.0 = Release|Any CPU
		{4D5DE9A5-EAC5-49BE-9CE7-FCFFFE4FAF1D}.AppStore|Any CPU.ActiveCfg = Debug|Any CPU
		{4D5DE9A5-EAC5-49BE-9CE7-FCFFFE4FAF1D}.AppStore|Any CPU.Build.0 = Debug|Any CPU
		{4D5DE9A5-EAC5-49BE-9CE7-FCFFFE4FAF1D}.AppStore|iPhone.ActiveCfg = Debug|Any CPU
		{4D5DE9A5-EAC5-49BE-9CE7-FCFFFE4FAF1D}.AppStore|iPhone.Build.0 = Debug|Any CPU
		{4D5DE9A5-EAC5-49BE-9CE7-FCFFFE4FAF1D}.AppStore|iPhoneSimulator.ActiveCfg = Debug|Any CPU
		{4D5DE9A5-EAC5-49BE-9CE7-FCFFFE4FAF1D}.AppStore|iPhoneSimulator.Build.0 = Debug|Any CPU
		{4D5DE9A5-EAC5-49BE-9CE7-FCFFFE4FAF1D}.AppStore|x64.ActiveCfg = Release|Any CPU
		{4D5DE9A5-EAC5-49BE-9CE7-FCFFFE4FAF1D}.AppStore|x64.Build.0 = Release|Any CPU
		{4D5DE9A5-EAC5-49BE-9CE7-FCFFFE4FAF1D}.AppStore|x86.ActiveCfg = Release|Any CPU
		{4D5DE9A5-EAC5-49BE-9CE7-FCFFFE4FAF1D}.AppStore|x86.Build.0 = Release|Any CPU
		{4D5DE9A5-EAC5-49BE-9CE7-FCFFFE4FAF1D}.Debug|Any CPU.ActiveCfg = Debug|Any CPU
		{4D5DE9A5-EAC5-49BE-9CE7-FCFFFE4FAF1D}.Debug|Any CPU.Build.0 = Debug|Any CPU
		{4D5DE9A5-EAC5-49BE-9CE7-FCFFFE4FAF1D}.Debug|iPhone.ActiveCfg = Debug|Any CPU
		{4D5DE9A5-EAC5-49BE-9CE7-FCFFFE4FAF1D}.Debug|iPhone.Build.0 = Debug|Any CPU
		{4D5DE9A5-EAC5-49BE-9CE7-FCFFFE4FAF1D}.Debug|iPhoneSimulator.ActiveCfg = Debug|Any CPU
		{4D5DE9A5-EAC5-49BE-9CE7-FCFFFE4FAF1D}.Debug|iPhoneSimulator.Build.0 = Debug|Any CPU
		{4D5DE9A5-EAC5-49BE-9CE7-FCFFFE4FAF1D}.Debug|x64.ActiveCfg = Debug|Any CPU
		{4D5DE9A5-EAC5-49BE-9CE7-FCFFFE4FAF1D}.Debug|x64.Build.0 = Debug|Any CPU
		{4D5DE9A5-EAC5-49BE-9CE7-FCFFFE4FAF1D}.Debug|x86.ActiveCfg = Debug|Any CPU
		{4D5DE9A5-EAC5-49BE-9CE7-FCFFFE4FAF1D}.Debug|x86.Build.0 = Debug|Any CPU
		{4D5DE9A5-EAC5-49BE-9CE7-FCFFFE4FAF1D}.Release|Any CPU.ActiveCfg = Release|Any CPU
		{4D5DE9A5-EAC5-49BE-9CE7-FCFFFE4FAF1D}.Release|Any CPU.Build.0 = Release|Any CPU
		{4D5DE9A5-EAC5-49BE-9CE7-FCFFFE4FAF1D}.Release|iPhone.ActiveCfg = Release|Any CPU
		{4D5DE9A5-EAC5-49BE-9CE7-FCFFFE4FAF1D}.Release|iPhone.Build.0 = Release|Any CPU
		{4D5DE9A5-EAC5-49BE-9CE7-FCFFFE4FAF1D}.Release|iPhoneSimulator.ActiveCfg = Release|Any CPU
		{4D5DE9A5-EAC5-49BE-9CE7-FCFFFE4FAF1D}.Release|iPhoneSimulator.Build.0 = Release|Any CPU
		{4D5DE9A5-EAC5-49BE-9CE7-FCFFFE4FAF1D}.Release|x64.ActiveCfg = Release|Any CPU
		{4D5DE9A5-EAC5-49BE-9CE7-FCFFFE4FAF1D}.Release|x64.Build.0 = Release|Any CPU
		{4D5DE9A5-EAC5-49BE-9CE7-FCFFFE4FAF1D}.Release|x86.ActiveCfg = Release|Any CPU
		{4D5DE9A5-EAC5-49BE-9CE7-FCFFFE4FAF1D}.Release|x86.Build.0 = Release|Any CPU
		{3DFFEE64-2D36-4A5D-9459-0C239A26E1A1}.Ad-Hoc|Any CPU.ActiveCfg = Debug|Any CPU
		{3DFFEE64-2D36-4A5D-9459-0C239A26E1A1}.Ad-Hoc|Any CPU.Build.0 = Debug|Any CPU
		{3DFFEE64-2D36-4A5D-9459-0C239A26E1A1}.Ad-Hoc|iPhone.ActiveCfg = Debug|Any CPU
		{3DFFEE64-2D36-4A5D-9459-0C239A26E1A1}.Ad-Hoc|iPhone.Build.0 = Debug|Any CPU
		{3DFFEE64-2D36-4A5D-9459-0C239A26E1A1}.Ad-Hoc|iPhoneSimulator.ActiveCfg = Debug|Any CPU
		{3DFFEE64-2D36-4A5D-9459-0C239A26E1A1}.Ad-Hoc|iPhoneSimulator.Build.0 = Debug|Any CPU
		{3DFFEE64-2D36-4A5D-9459-0C239A26E1A1}.Ad-Hoc|x64.ActiveCfg = Debug|Any CPU
		{3DFFEE64-2D36-4A5D-9459-0C239A26E1A1}.Ad-Hoc|x64.Build.0 = Debug|Any CPU
		{3DFFEE64-2D36-4A5D-9459-0C239A26E1A1}.Ad-Hoc|x86.ActiveCfg = Debug|Any CPU
		{3DFFEE64-2D36-4A5D-9459-0C239A26E1A1}.Ad-Hoc|x86.Build.0 = Debug|Any CPU
		{3DFFEE64-2D36-4A5D-9459-0C239A26E1A1}.AppStore|Any CPU.ActiveCfg = Debug|Any CPU
		{3DFFEE64-2D36-4A5D-9459-0C239A26E1A1}.AppStore|Any CPU.Build.0 = Debug|Any CPU
		{3DFFEE64-2D36-4A5D-9459-0C239A26E1A1}.AppStore|iPhone.ActiveCfg = Debug|Any CPU
		{3DFFEE64-2D36-4A5D-9459-0C239A26E1A1}.AppStore|iPhone.Build.0 = Debug|Any CPU
		{3DFFEE64-2D36-4A5D-9459-0C239A26E1A1}.AppStore|iPhoneSimulator.ActiveCfg = Debug|Any CPU
		{3DFFEE64-2D36-4A5D-9459-0C239A26E1A1}.AppStore|iPhoneSimulator.Build.0 = Debug|Any CPU
		{3DFFEE64-2D36-4A5D-9459-0C239A26E1A1}.AppStore|x64.ActiveCfg = Debug|Any CPU
		{3DFFEE64-2D36-4A5D-9459-0C239A26E1A1}.AppStore|x64.Build.0 = Debug|Any CPU
		{3DFFEE64-2D36-4A5D-9459-0C239A26E1A1}.AppStore|x86.ActiveCfg = Debug|Any CPU
		{3DFFEE64-2D36-4A5D-9459-0C239A26E1A1}.AppStore|x86.Build.0 = Debug|Any CPU
		{3DFFEE64-2D36-4A5D-9459-0C239A26E1A1}.Debug|Any CPU.ActiveCfg = Debug|Any CPU
		{3DFFEE64-2D36-4A5D-9459-0C239A26E1A1}.Debug|Any CPU.Build.0 = Debug|Any CPU
		{3DFFEE64-2D36-4A5D-9459-0C239A26E1A1}.Debug|iPhone.ActiveCfg = Debug|Any CPU
		{3DFFEE64-2D36-4A5D-9459-0C239A26E1A1}.Debug|iPhone.Build.0 = Debug|Any CPU
		{3DFFEE64-2D36-4A5D-9459-0C239A26E1A1}.Debug|iPhoneSimulator.ActiveCfg = Debug|Any CPU
		{3DFFEE64-2D36-4A5D-9459-0C239A26E1A1}.Debug|iPhoneSimulator.Build.0 = Debug|Any CPU
		{3DFFEE64-2D36-4A5D-9459-0C239A26E1A1}.Debug|x64.ActiveCfg = Debug|Any CPU
		{3DFFEE64-2D36-4A5D-9459-0C239A26E1A1}.Debug|x64.Build.0 = Debug|Any CPU
		{3DFFEE64-2D36-4A5D-9459-0C239A26E1A1}.Debug|x86.ActiveCfg = Debug|Any CPU
		{3DFFEE64-2D36-4A5D-9459-0C239A26E1A1}.Debug|x86.Build.0 = Debug|Any CPU
		{3DFFEE64-2D36-4A5D-9459-0C239A26E1A1}.Release|Any CPU.ActiveCfg = Release|Any CPU
		{3DFFEE64-2D36-4A5D-9459-0C239A26E1A1}.Release|Any CPU.Build.0 = Release|Any CPU
		{3DFFEE64-2D36-4A5D-9459-0C239A26E1A1}.Release|iPhone.ActiveCfg = Release|Any CPU
		{3DFFEE64-2D36-4A5D-9459-0C239A26E1A1}.Release|iPhone.Build.0 = Release|Any CPU
		{3DFFEE64-2D36-4A5D-9459-0C239A26E1A1}.Release|iPhoneSimulator.ActiveCfg = Release|Any CPU
		{3DFFEE64-2D36-4A5D-9459-0C239A26E1A1}.Release|iPhoneSimulator.Build.0 = Release|Any CPU
		{3DFFEE64-2D36-4A5D-9459-0C239A26E1A1}.Release|x64.ActiveCfg = Release|Any CPU
		{3DFFEE64-2D36-4A5D-9459-0C239A26E1A1}.Release|x64.Build.0 = Release|Any CPU
		{3DFFEE64-2D36-4A5D-9459-0C239A26E1A1}.Release|x86.ActiveCfg = Release|Any CPU
		{3DFFEE64-2D36-4A5D-9459-0C239A26E1A1}.Release|x86.Build.0 = Release|Any CPU
		{9CA10B91-DEC4-4861-835F-6DA12F181998}.Ad-Hoc|Any CPU.ActiveCfg = Release|Any CPU
		{9CA10B91-DEC4-4861-835F-6DA12F181998}.Ad-Hoc|Any CPU.Build.0 = Release|Any CPU
		{9CA10B91-DEC4-4861-835F-6DA12F181998}.Ad-Hoc|Any CPU.Deploy.0 = Release|Any CPU
		{9CA10B91-DEC4-4861-835F-6DA12F181998}.Ad-Hoc|iPhone.ActiveCfg = Release|Any CPU
		{9CA10B91-DEC4-4861-835F-6DA12F181998}.Ad-Hoc|iPhone.Build.0 = Release|Any CPU
		{9CA10B91-DEC4-4861-835F-6DA12F181998}.Ad-Hoc|iPhone.Deploy.0 = Release|Any CPU
		{9CA10B91-DEC4-4861-835F-6DA12F181998}.Ad-Hoc|iPhoneSimulator.ActiveCfg = Release|Any CPU
		{9CA10B91-DEC4-4861-835F-6DA12F181998}.Ad-Hoc|iPhoneSimulator.Build.0 = Release|Any CPU
		{9CA10B91-DEC4-4861-835F-6DA12F181998}.Ad-Hoc|iPhoneSimulator.Deploy.0 = Release|Any CPU
		{9CA10B91-DEC4-4861-835F-6DA12F181998}.Ad-Hoc|x64.ActiveCfg = Release|x64
		{9CA10B91-DEC4-4861-835F-6DA12F181998}.Ad-Hoc|x64.Build.0 = Release|x64
		{9CA10B91-DEC4-4861-835F-6DA12F181998}.Ad-Hoc|x64.Deploy.0 = Release|x64
		{9CA10B91-DEC4-4861-835F-6DA12F181998}.Ad-Hoc|x86.ActiveCfg = Release|x86
		{9CA10B91-DEC4-4861-835F-6DA12F181998}.Ad-Hoc|x86.Build.0 = Release|x86
		{9CA10B91-DEC4-4861-835F-6DA12F181998}.Ad-Hoc|x86.Deploy.0 = Release|x86
		{9CA10B91-DEC4-4861-835F-6DA12F181998}.AppStore|Any CPU.ActiveCfg = Release|Any CPU
		{9CA10B91-DEC4-4861-835F-6DA12F181998}.AppStore|Any CPU.Build.0 = Release|Any CPU
		{9CA10B91-DEC4-4861-835F-6DA12F181998}.AppStore|Any CPU.Deploy.0 = Release|Any CPU
		{9CA10B91-DEC4-4861-835F-6DA12F181998}.AppStore|iPhone.ActiveCfg = Release|Any CPU
		{9CA10B91-DEC4-4861-835F-6DA12F181998}.AppStore|iPhone.Build.0 = Release|Any CPU
		{9CA10B91-DEC4-4861-835F-6DA12F181998}.AppStore|iPhone.Deploy.0 = Release|Any CPU
		{9CA10B91-DEC4-4861-835F-6DA12F181998}.AppStore|iPhoneSimulator.ActiveCfg = Release|Any CPU
		{9CA10B91-DEC4-4861-835F-6DA12F181998}.AppStore|iPhoneSimulator.Build.0 = Release|Any CPU
		{9CA10B91-DEC4-4861-835F-6DA12F181998}.AppStore|iPhoneSimulator.Deploy.0 = Release|Any CPU
		{9CA10B91-DEC4-4861-835F-6DA12F181998}.AppStore|x64.ActiveCfg = Release|x64
		{9CA10B91-DEC4-4861-835F-6DA12F181998}.AppStore|x64.Build.0 = Release|x64
		{9CA10B91-DEC4-4861-835F-6DA12F181998}.AppStore|x64.Deploy.0 = Release|x64
		{9CA10B91-DEC4-4861-835F-6DA12F181998}.AppStore|x86.ActiveCfg = Release|x86
		{9CA10B91-DEC4-4861-835F-6DA12F181998}.AppStore|x86.Build.0 = Release|x86
		{9CA10B91-DEC4-4861-835F-6DA12F181998}.AppStore|x86.Deploy.0 = Release|x86
		{9CA10B91-DEC4-4861-835F-6DA12F181998}.Debug|Any CPU.ActiveCfg = Debug|Any CPU
		{9CA10B91-DEC4-4861-835F-6DA12F181998}.Debug|Any CPU.Build.0 = Debug|Any CPU
		{9CA10B91-DEC4-4861-835F-6DA12F181998}.Debug|Any CPU.Deploy.0 = Debug|Any CPU
		{9CA10B91-DEC4-4861-835F-6DA12F181998}.Debug|iPhone.ActiveCfg = Debug|Any CPU
		{9CA10B91-DEC4-4861-835F-6DA12F181998}.Debug|iPhone.Build.0 = Debug|Any CPU
		{9CA10B91-DEC4-4861-835F-6DA12F181998}.Debug|iPhone.Deploy.0 = Debug|Any CPU
		{9CA10B91-DEC4-4861-835F-6DA12F181998}.Debug|iPhoneSimulator.ActiveCfg = Debug|Any CPU
		{9CA10B91-DEC4-4861-835F-6DA12F181998}.Debug|iPhoneSimulator.Build.0 = Debug|Any CPU
		{9CA10B91-DEC4-4861-835F-6DA12F181998}.Debug|iPhoneSimulator.Deploy.0 = Debug|Any CPU
		{9CA10B91-DEC4-4861-835F-6DA12F181998}.Debug|x64.ActiveCfg = Debug|x64
		{9CA10B91-DEC4-4861-835F-6DA12F181998}.Debug|x64.Build.0 = Debug|x64
		{9CA10B91-DEC4-4861-835F-6DA12F181998}.Debug|x64.Deploy.0 = Debug|x64
		{9CA10B91-DEC4-4861-835F-6DA12F181998}.Debug|x86.ActiveCfg = Debug|x86
		{9CA10B91-DEC4-4861-835F-6DA12F181998}.Debug|x86.Build.0 = Debug|x86
		{9CA10B91-DEC4-4861-835F-6DA12F181998}.Debug|x86.Deploy.0 = Debug|x86
		{9CA10B91-DEC4-4861-835F-6DA12F181998}.Release|Any CPU.ActiveCfg = Release|Any CPU
		{9CA10B91-DEC4-4861-835F-6DA12F181998}.Release|Any CPU.Build.0 = Release|Any CPU
		{9CA10B91-DEC4-4861-835F-6DA12F181998}.Release|Any CPU.Deploy.0 = Release|Any CPU
		{9CA10B91-DEC4-4861-835F-6DA12F181998}.Release|iPhone.ActiveCfg = Release|Any CPU
		{9CA10B91-DEC4-4861-835F-6DA12F181998}.Release|iPhone.Build.0 = Release|Any CPU
		{9CA10B91-DEC4-4861-835F-6DA12F181998}.Release|iPhone.Deploy.0 = Release|Any CPU
		{9CA10B91-DEC4-4861-835F-6DA12F181998}.Release|iPhoneSimulator.ActiveCfg = Release|Any CPU
		{9CA10B91-DEC4-4861-835F-6DA12F181998}.Release|iPhoneSimulator.Build.0 = Release|Any CPU
		{9CA10B91-DEC4-4861-835F-6DA12F181998}.Release|iPhoneSimulator.Deploy.0 = Release|Any CPU
		{9CA10B91-DEC4-4861-835F-6DA12F181998}.Release|x64.ActiveCfg = Release|x64
		{9CA10B91-DEC4-4861-835F-6DA12F181998}.Release|x64.Build.0 = Release|x64
		{9CA10B91-DEC4-4861-835F-6DA12F181998}.Release|x64.Deploy.0 = Release|x64
		{9CA10B91-DEC4-4861-835F-6DA12F181998}.Release|x86.ActiveCfg = Release|x86
		{9CA10B91-DEC4-4861-835F-6DA12F181998}.Release|x86.Build.0 = Release|x86
		{9CA10B91-DEC4-4861-835F-6DA12F181998}.Release|x86.Deploy.0 = Release|x86
		{47CB955B-6987-4B11-9900-3AE14CEDF566}.Ad-Hoc|Any CPU.ActiveCfg = Ad-Hoc|iPhone
		{47CB955B-6987-4B11-9900-3AE14CEDF566}.Ad-Hoc|iPhone.ActiveCfg = Ad-Hoc|iPhone
		{47CB955B-6987-4B11-9900-3AE14CEDF566}.Ad-Hoc|iPhone.Build.0 = Ad-Hoc|iPhone
		{47CB955B-6987-4B11-9900-3AE14CEDF566}.Ad-Hoc|iPhoneSimulator.ActiveCfg = Ad-Hoc|iPhoneSimulator
		{47CB955B-6987-4B11-9900-3AE14CEDF566}.Ad-Hoc|iPhoneSimulator.Build.0 = Ad-Hoc|iPhoneSimulator
		{47CB955B-6987-4B11-9900-3AE14CEDF566}.Ad-Hoc|x64.ActiveCfg = Ad-Hoc|iPhone
		{47CB955B-6987-4B11-9900-3AE14CEDF566}.Ad-Hoc|x86.ActiveCfg = Ad-Hoc|iPhone
		{47CB955B-6987-4B11-9900-3AE14CEDF566}.AppStore|Any CPU.ActiveCfg = AppStore|iPhone
		{47CB955B-6987-4B11-9900-3AE14CEDF566}.AppStore|iPhone.ActiveCfg = AppStore|iPhone
		{47CB955B-6987-4B11-9900-3AE14CEDF566}.AppStore|iPhone.Build.0 = AppStore|iPhone
		{47CB955B-6987-4B11-9900-3AE14CEDF566}.AppStore|iPhoneSimulator.ActiveCfg = AppStore|iPhoneSimulator
		{47CB955B-6987-4B11-9900-3AE14CEDF566}.AppStore|iPhoneSimulator.Build.0 = AppStore|iPhoneSimulator
		{47CB955B-6987-4B11-9900-3AE14CEDF566}.AppStore|x64.ActiveCfg = AppStore|iPhone
		{47CB955B-6987-4B11-9900-3AE14CEDF566}.AppStore|x86.ActiveCfg = AppStore|iPhone
		{47CB955B-6987-4B11-9900-3AE14CEDF566}.Debug|Any CPU.ActiveCfg = Debug|iPhone
		{47CB955B-6987-4B11-9900-3AE14CEDF566}.Debug|iPhone.ActiveCfg = Debug|iPhone
		{47CB955B-6987-4B11-9900-3AE14CEDF566}.Debug|iPhone.Build.0 = Debug|iPhone
		{47CB955B-6987-4B11-9900-3AE14CEDF566}.Debug|iPhoneSimulator.ActiveCfg = Debug|iPhoneSimulator
		{47CB955B-6987-4B11-9900-3AE14CEDF566}.Debug|iPhoneSimulator.Build.0 = Debug|iPhoneSimulator
		{47CB955B-6987-4B11-9900-3AE14CEDF566}.Debug|x64.ActiveCfg = Debug|iPhone
		{47CB955B-6987-4B11-9900-3AE14CEDF566}.Debug|x86.ActiveCfg = Debug|iPhone
		{47CB955B-6987-4B11-9900-3AE14CEDF566}.Release|Any CPU.ActiveCfg = Release|iPhone
		{47CB955B-6987-4B11-9900-3AE14CEDF566}.Release|iPhone.ActiveCfg = Release|iPhone
		{47CB955B-6987-4B11-9900-3AE14CEDF566}.Release|iPhone.Build.0 = Release|iPhone
		{47CB955B-6987-4B11-9900-3AE14CEDF566}.Release|iPhoneSimulator.ActiveCfg = Release|iPhoneSimulator
		{47CB955B-6987-4B11-9900-3AE14CEDF566}.Release|iPhoneSimulator.Build.0 = Release|iPhoneSimulator
		{47CB955B-6987-4B11-9900-3AE14CEDF566}.Release|x64.ActiveCfg = Release|iPhone
		{47CB955B-6987-4B11-9900-3AE14CEDF566}.Release|x86.ActiveCfg = Release|iPhone
	EndGlobalSection
	GlobalSection(SolutionProperties) = preSolution
		HideSolutionNode = FALSE
	EndGlobalSection
	GlobalSection(ExtensibilityGlobals) = postSolution
		SolutionGuid = {770A5820-CF46-4D23-9188-94BEABA58C17}
	EndGlobalSection
EndGlobal
